// !$*UTF8*$!
{
	archiveVersion = 1;
	classes = {
	};
	objectVersion = 56;
	objects = {

/* Begin PBXBuildFile section */
		30890C8C2D7EF25B006356A0 /* exampleApp.swift in Sources */ = {isa = PBXBuildFile; fileRef = 30890C8B2D7EF25B006356A0 /* exampleApp.swift */; };
		30890C8E2D7EF25B006356A0 /* ContentView.swift in Sources */ = {isa = PBXBuildFile; fileRef = 30890C8D2D7EF25B006356A0 /* ContentView.swift */; };
		30890C902D7EF25D006356A0 /* Assets.xcassets in Resources */ = {isa = PBXBuildFile; fileRef = 30890C8F2D7EF25D006356A0 /* Assets.xcassets */; };
		30890C932D7EF25D006356A0 /* Preview Assets.xcassets in Resources */ = {isa = PBXBuildFile; fileRef = 30890C922D7EF25D006356A0 /* Preview Assets.xcassets */; };
		30890C952D7EF25D006356A0 /* Persistence.swift in Sources */ = {isa = PBXBuildFile; fileRef = 30890C942D7EF25D006356A0 /* Persistence.swift */; };
		30890C982D7EF25D006356A0 /* example.xcdatamodeld in Sources */ = {isa = PBXBuildFile; fileRef = 30890C962D7EF25D006356A0 /* example.xcdatamodeld */; };
		30890CA22D7EF25E006356A0 /* exampleTests.swift in Sources */ = {isa = PBXBuildFile; fileRef = 30890CA12D7EF25E006356A0 /* exampleTests.swift */; };
		30890CAC2D7EF25E006356A0 /* exampleUITests.swift in Sources */ = {isa = PBXBuildFile; fileRef = 30890CAB2D7EF25E006356A0 /* exampleUITests.swift */; };
		30890CAE2D7EF25E006356A0 /* exampleUITestsLaunchTests.swift in Sources */ = {isa = PBXBuildFile; fileRef = 30890CAD2D7EF25E006356A0 /* exampleUITestsLaunchTests.swift */; };
/* End PBXBuildFile section */

/* Begin PBXContainerItemProxy section */
		30890C9E2D7EF25E006356A0 /* PBXContainerItemProxy */ = {
			isa = PBXContainerItemProxy;
			containerPortal = 30890C802D7EF25B006356A0 /* Project object */;
			proxyType = 1;
			remoteGlobalIDString = 30890C872D7EF25B006356A0;
			remoteInfo = example;
		};
		30890CA82D7EF25E006356A0 /* PBXContainerItemProxy */ = {
			isa = PBXContainerItemProxy;
			containerPortal = 30890C802D7EF25B006356A0 /* Project object */;
			proxyType = 1;
			remoteGlobalIDString = 30890C872D7EF25B006356A0;
			remoteInfo = example;
		};
/* End PBXContainerItemProxy section */

/* Begin PBXFileReference section */
		30890C882D7EF25B006356A0 /* example.app */ = {isa = PBXFileReference; explicitFileType = wrapper.application; includeInIndex = 0; path = example.app; sourceTree = BUILT_PRODUCTS_DIR; };
		30890C8B2D7EF25B006356A0 /* exampleApp.swift */ = {isa = PBXFileReference; lastKnownFileType = sourcecode.swift; path = exampleApp.swift; sourceTree = "<group>"; };
		30890C8D2D7EF25B006356A0 /* ContentView.swift */ = {isa = PBXFileReference; lastKnownFileType = sourcecode.swift; path = ContentView.swift; sourceTree = "<group>"; };
		30890C8F2D7EF25D006356A0 /* Assets.xcassets */ = {isa = PBXFileReference; lastKnownFileType = folder.assetcatalog; path = Assets.xcassets; sourceTree = "<group>"; };
		30890C922D7EF25D006356A0 /* Preview Assets.xcassets */ = {isa = PBXFileReference; lastKnownFileType = folder.assetcatalog; path = "Preview Assets.xcassets"; sourceTree = "<group>"; };
		30890C942D7EF25D006356A0 /* Persistence.swift */ = {isa = PBXFileReference; lastKnownFileType = sourcecode.swift; path = Persistence.swift; sourceTree = "<group>"; };
		30890C972D7EF25D006356A0 /* example.xcdatamodel */ = {isa = PBXFileReference; lastKnownFileType = wrapper.xcdatamodel; path = example.xcdatamodel; sourceTree = "<group>"; };
		30890C9D2D7EF25E006356A0 /* exampleTests.xctest */ = {isa = PBXFileReference; explicitFileType = wrapper.cfbundle; includeInIndex = 0; path = exampleTests.xctest; sourceTree = BUILT_PRODUCTS_DIR; };
		30890CA12D7EF25E006356A0 /* exampleTests.swift */ = {isa = PBXFileReference; lastKnownFileType = sourcecode.swift; path = exampleTests.swift; sourceTree = "<group>"; };
		30890CA72D7EF25E006356A0 /* exampleUITests.xctest */ = {isa = PBXFileReference; explicitFileType = wrapper.cfbundle; includeInIndex = 0; path = exampleUITests.xctest; sourceTree = BUILT_PRODUCTS_DIR; };
		30890CAB2D7EF25E006356A0 /* exampleUITests.swift */ = {isa = PBXFileReference; lastKnownFileType = sourcecode.swift; path = exampleUITests.swift; sourceTree = "<group>"; };
		30890CAD2D7EF25E006356A0 /* exampleUITestsLaunchTests.swift */ = {isa = PBXFileReference; lastKnownFileType = sourcecode.swift; path = exampleUITestsLaunchTests.swift; sourceTree = "<group>"; };
/* End PBXFileReference section */

/* Begin PBXFrameworksBuildPhase section */
		30890C852D7EF25B006356A0 /* Frameworks */ = {
			isa = PBXFrameworksBuildPhase;
			buildActionMask = 2147483647;
			files = (
			);
			runOnlyForDeploymentPostprocessing = 0;
		};
		30890C9A2D7EF25E006356A0 /* Frameworks */ = {
			isa = PBXFrameworksBuildPhase;
			buildActionMask = 2147483647;
			files = (
			);
			runOnlyForDeploymentPostprocessing = 0;
		};
		30890CA42D7EF25E006356A0 /* Frameworks */ = {
			isa = PBXFrameworksBuildPhase;
			buildActionMask = 2147483647;
			files = (
			);
			runOnlyForDeploymentPostprocessing = 0;
		};
/* End PBXFrameworksBuildPhase section */

/* Begin PBXGroup section */
		30890C7F2D7EF25B006356A0 = {
			isa = PBXGroup;
			children = (
				30890C8A2D7EF25B006356A0 /* example */,
				30890CA02D7EF25E006356A0 /* exampleTests */,
				30890CAA2D7EF25E006356A0 /* exampleUITests */,
				30890C892D7EF25B006356A0 /* Products */,
			);
			sourceTree = "<group>";
		};
		30890C892D7EF25B006356A0 /* Products */ = {
			isa = PBXGroup;
			children = (
				30890C882D7EF25B006356A0 /* example.app */,
				30890C9D2D7EF25E006356A0 /* exampleTests.xctest */,
				30890CA72D7EF25E006356A0 /* exampleUITests.xctest */,
			);
			name = Products;
			sourceTree = "<group>";
		};
		30890C8A2D7EF25B006356A0 /* example */ = {
			isa = PBXGroup;
			children = (
				30890C8B2D7EF25B006356A0 /* exampleApp.swift */,
				30890C8D2D7EF25B006356A0 /* ContentView.swift */,
				30890C8F2D7EF25D006356A0 /* Assets.xcassets */,
				30890C942D7EF25D006356A0 /* Persistence.swift */,
				30890C962D7EF25D006356A0 /* example.xcdatamodeld */,
				30890C912D7EF25D006356A0 /* Preview Content */,
			);
			path = example;
			sourceTree = "<group>";
		};
		30890C912D7EF25D006356A0 /* Preview Content */ = {
			isa = PBXGroup;
			children = (
				30890C922D7EF25D006356A0 /* Preview Assets.xcassets */,
			);
			path = "Preview Content";
			sourceTree = "<group>";
		};
		30890CA02D7EF25E006356A0 /* exampleTests */ = {
			isa = PBXGroup;
			children = (
				30890CA12D7EF25E006356A0 /* exampleTests.swift */,
			);
			path = exampleTests;
			sourceTree = "<group>";
		};
		30890CAA2D7EF25E006356A0 /* exampleUITests */ = {
			isa = PBXGroup;
			children = (
				30890CAB2D7EF25E006356A0 /* exampleUITests.swift */,
				30890CAD2D7EF25E006356A0 /* exampleUITestsLaunchTests.swift */,
			);
			path = exampleUITests;
			sourceTree = "<group>";
		};
/* End PBXGroup section */

/* Begin PBXNativeTarget section */
		30890C872D7EF25B006356A0 /* example */ = {
			isa = PBXNativeTarget;
			buildConfigurationList = 30890CB12D7EF25E006356A0 /* Build configuration list for PBXNativeTarget "example" */;
			buildPhases = (
				30890C842D7EF25B006356A0 /* Sources */,
				30890C852D7EF25B006356A0 /* Frameworks */,
				30890C862D7EF25B006356A0 /* Resources */,
			);
			buildRules = (
			);
			dependencies = (
			);
			name = example;
			productName = example;
			productReference = 30890C882D7EF25B006356A0 /* example.app */;
			productType = "com.apple.product-type.application";
		};
		30890C9C2D7EF25E006356A0 /* exampleTests */ = {
			isa = PBXNativeTarget;
			buildConfigurationList = 30890CB42D7EF25E006356A0 /* Build configuration list for PBXNativeTarget "exampleTests" */;
			buildPhases = (
				30890C992D7EF25E006356A0 /* Sources */,
				30890C9A2D7EF25E006356A0 /* Frameworks */,
				30890C9B2D7EF25E006356A0 /* Resources */,
			);
			buildRules = (
			);
			dependencies = (
				30890C9F2D7EF25E006356A0 /* PBXTargetDependency */,
			);
			name = exampleTests;
			productName = exampleTests;
			productReference = 30890C9D2D7EF25E006356A0 /* exampleTests.xctest */;
			productType = "com.apple.product-type.bundle.unit-test";
		};
		30890CA62D7EF25E006356A0 /* exampleUITests */ = {
			isa = PBXNativeTarget;
			buildConfigurationList = 30890CB72D7EF25E006356A0 /* Build configuration list for PBXNativeTarget "exampleUITests" */;
			buildPhases = (
				30890CA32D7EF25E006356A0 /* Sources */,
				30890CA42D7EF25E006356A0 /* Frameworks */,
				30890CA52D7EF25E006356A0 /* Resources */,
			);
			buildRules = (
			);
			dependencies = (
				30890CA92D7EF25E006356A0 /* PBXTargetDependency */,
			);
			name = exampleUITests;
			productName = exampleUITests;
			productReference = 30890CA72D7EF25E006356A0 /* exampleUITests.xctest */;
			productType = "com.apple.product-type.bundle.ui-testing";
		};
/* End PBXNativeTarget section */

/* Begin PBXProject section */
		30890C802D7EF25B006356A0 /* Project object */ = {
			isa = PBXProject;
			attributes = {
				BuildIndependentTargetsInParallel = 1;
				LastSwiftUpdateCheck = 1430;
				LastUpgradeCheck = 1430;
				TargetAttributes = {
					30890C872D7EF25B006356A0 = {
						CreatedOnToolsVersion = 14.3.1;
					};
					30890C9C2D7EF25E006356A0 = {
						CreatedOnToolsVersion = 14.3.1;
						TestTargetID = 30890C872D7EF25B006356A0;
					};
					30890CA62D7EF25E006356A0 = {
						CreatedOnToolsVersion = 14.3.1;
						TestTargetID = 30890C872D7EF25B006356A0;
					};
				};
			};
			buildConfigurationList = 30890C832D7EF25B006356A0 /* Build configuration list for PBXProject "example" */;
			compatibilityVersion = "Xcode 14.0";
			developmentRegion = en;
			hasScannedForEncodings = 0;
			knownRegions = (
				en,
				Base,
			);
			mainGroup = 30890C7F2D7EF25B006356A0;
			productRefGroup = 30890C892D7EF25B006356A0 /* Products */;
			projectDirPath = "";
			projectRoot = "";
			targets = (
				30890C872D7EF25B006356A0 /* example */,
				30890C9C2D7EF25E006356A0 /* exampleTests */,
				30890CA62D7EF25E006356A0 /* exampleUITests */,
			);
		};
/* End PBXProject section */

/* Begin PBXResourcesBuildPhase section */
		30890C862D7EF25B006356A0 /* Resources */ = {
			isa = PBXResourcesBuildPhase;
			buildActionMask = 2147483647;
			files = (
				30890C932D7EF25D006356A0 /* Preview Assets.xcassets in Resources */,
				30890C902D7EF25D006356A0 /* Assets.xcassets in Resources */,
			);
			runOnlyForDeploymentPostprocessing = 0;
		};
		30890C9B2D7EF25E006356A0 /* Resources */ = {
			isa = PBXResourcesBuildPhase;
			buildActionMask = 2147483647;
			files = (
			);
			runOnlyForDeploymentPostprocessing = 0;
		};
		30890CA52D7EF25E006356A0 /* Resources */ = {
			isa = PBXResourcesBuildPhase;
			buildActionMask = 2147483647;
			files = (
			);
			runOnlyForDeploymentPostprocessing = 0;
		};
/* End PBXResourcesBuildPhase section */

/* Begin PBXSourcesBuildPhase section */
		30890C842D7EF25B006356A0 /* Sources */ = {
			isa = PBXSourcesBuildPhase;
			buildActionMask = 2147483647;
			files = (
				30890C982D7EF25D006356A0 /* example.xcdatamodeld in Sources */,
				30890C952D7EF25D006356A0 /* Persistence.swift in Sources */,
				30890C8E2D7EF25B006356A0 /* ContentView.swift in Sources */,
				30890C8C2D7EF25B006356A0 /* exampleApp.swift in Sources */,
			);
			runOnlyForDeploymentPostprocessing = 0;
		};
		30890C992D7EF25E006356A0 /* Sources */ = {
			isa = PBXSourcesBuildPhase;
			buildActionMask = 2147483647;
			files = (
				30890CA22D7EF25E006356A0 /* exampleTests.swift in Sources */,
			);
			runOnlyForDeploymentPostprocessing = 0;
		};
		30890CA32D7EF25E006356A0 /* Sources */ = {
			isa = PBXSourcesBuildPhase;
			buildActionMask = 2147483647;
			files = (
				30890CAC2D7EF25E006356A0 /* exampleUITests.swift in Sources */,
				30890CAE2D7EF25E006356A0 /* exampleUITestsLaunchTests.swift in Sources */,
			);
			runOnlyForDeploymentPostprocessing = 0;
		};
/* End PBXSourcesBuildPhase section */

/* Begin PBXTargetDependency section */
		30890C9F2D7EF25E006356A0 /* PBXTargetDependency */ = {
			isa = PBXTargetDependency;
			target = 30890C872D7EF25B006356A0 /* example */;
			targetProxy = 30890C9E2D7EF25E006356A0 /* PBXContainerItemProxy */;
		};
		30890CA92D7EF25E006356A0 /* PBXTargetDependency */ = {
			isa = PBXTargetDependency;
			target = 30890C872D7EF25B006356A0 /* example */;
			targetProxy = 30890CA82D7EF25E006356A0 /* PBXContainerItemProxy */;
		};
/* End PBXTargetDependency section */

/* Begin XCBuildConfiguration section */
		30890CAF2D7EF25E006356A0 /* Debug */ = {
			isa = XCBuildConfiguration;
			buildSettings = {
				ALWAYS_SEARCH_USER_PATHS = NO;
				CLANG_ANALYZER_NONNULL = YES;
				CLANG_ANALYZER_NUMBER_OBJECT_CONVERSION = YES_AGGRESSIVE;
				CLANG_CXX_LANGUAGE_STANDARD = "gnu++20";
				CLANG_ENABLE_MODULES = YES;
				CLANG_ENABLE_OBJC_ARC = YES;
				CLANG_ENABLE_OBJC_WEAK = YES;
				CLANG_WARN_BLOCK_CAPTURE_AUTORELEASING = YES;
				CLANG_WARN_BOOL_CONVERSION = YES;
				CLANG_WARN_COMMA = YES;
				CLANG_WARN_CONSTANT_CONVERSION = YES;
				CLANG_WARN_DEPRECATED_OBJC_IMPLEMENTATIONS = YES;
				CLANG_WARN_DIRECT_OBJC_ISA_USAGE = YES_ERROR;
				CLANG_WARN_DOCUMENTATION_COMMENTS = YES;
				CLANG_WARN_EMPTY_BODY = YES;
				CLANG_WARN_ENUM_CONVERSION = YES;
				CLANG_WARN_INFINITE_RECURSION = YES;
				CLANG_WARN_INT_CONVERSION = YES;
				CLANG_WARN_NON_LITERAL_NULL_CONVERSION = YES;
				CLANG_WARN_OBJC_IMPLICIT_RETAIN_SELF = YES;
				CLANG_WARN_OBJC_LITERAL_CONVERSION = YES;
				CLANG_WARN_OBJC_ROOT_CLASS = YES_ERROR;
				CLANG_WARN_QUOTED_INCLUDE_IN_FRAMEWORK_HEADER = YES;
				CLANG_WARN_RANGE_LOOP_ANALYSIS = YES;
				CLANG_WARN_STRICT_PROTOTYPES = YES;
				CLANG_WARN_SUSPICIOUS_MOVE = YES;
				CLANG_WARN_UNGUARDED_AVAILABILITY = YES_AGGRESSIVE;
				CLANG_WARN_UNREACHABLE_CODE = YES;
				CLANG_WARN__DUPLICATE_METHOD_MATCH = YES;
				COPY_PHASE_STRIP = NO;
				DEBUG_INFORMATION_FORMAT = dwarf;
				ENABLE_STRICT_OBJC_MSGSEND = YES;
				ENABLE_TESTABILITY = YES;
				GCC_C_LANGUAGE_STANDARD = gnu11;
				GCC_DYNAMIC_NO_PIC = NO;
				GCC_NO_COMMON_BLOCKS = YES;
				GCC_OPTIMIZATION_LEVEL = 0;
				GCC_PREPROCESSOR_DEFINITIONS = (
					"DEBUG=1",
					"$(inherited)",
				);
				GCC_WARN_64_TO_32_BIT_CONVERSION = YES;
				GCC_WARN_ABOUT_RETURN_TYPE = YES_ERROR;
				GCC_WARN_UNDECLARED_SELECTOR = YES;
				GCC_WARN_UNINITIALIZED_AUTOS = YES_AGGRESSIVE;
				GCC_WARN_UNUSED_FUNCTION = YES;
				GCC_WARN_UNUSED_VARIABLE = YES;
				IPHONEOS_DEPLOYMENT_TARGET = 16.4;
				MTL_ENABLE_DEBUG_INFO = INCLUDE_SOURCE;
				MTL_FAST_MATH = YES;
				ONLY_ACTIVE_ARCH = YES;
				SDKROOT = iphoneos;
				SWIFT_ACTIVE_COMPILATION_CONDITIONS = DEBUG;
				SWIFT_OPTIMIZATION_LEVEL = "-Onone";
			};
			name = Debug;
		};
		30890CB02D7EF25E006356A0 /* Release */ = {
			isa = XCBuildConfiguration;
			buildSettings = {
				ALWAYS_SEARCH_USER_PATHS = NO;
				CLANG_ANALYZER_NONNULL = YES;
				CLANG_ANALYZER_NUMBER_OBJECT_CONVERSION = YES_AGGRESSIVE;
				CLANG_CXX_LANGUAGE_STANDARD = "gnu++20";
				CLANG_ENABLE_MODULES = YES;
				CLANG_ENABLE_OBJC_ARC = YES;
				CLANG_ENABLE_OBJC_WEAK = YES;
				CLANG_WARN_BLOCK_CAPTURE_AUTORELEASING = YES;
				CLANG_WARN_BOOL_CONVERSION = YES;
				CLANG_WARN_COMMA = YES;
				CLANG_WARN_CONSTANT_CONVERSION = YES;
				CLANG_WARN_DEPRECATED_OBJC_IMPLEMENTATIONS = YES;
				CLANG_WARN_DIRECT_OBJC_ISA_USAGE = YES_ERROR;
				CLANG_WARN_DOCUMENTATION_COMMENTS = YES;
				CLANG_WARN_EMPTY_BODY = YES;
				CLANG_WARN_ENUM_CONVERSION = YES;
				CLANG_WARN_INFINITE_RECURSION = YES;
				CLANG_WARN_INT_CONVERSION = YES;
				CLANG_WARN_NON_LITERAL_NULL_CONVERSION = YES;
				CLANG_WARN_OBJC_IMPLICIT_RETAIN_SELF = YES;
				CLANG_WARN_OBJC_LITERAL_CONVERSION = YES;
				CLANG_WARN_OBJC_ROOT_CLASS = YES_ERROR;
				CLANG_WARN_QUOTED_INCLUDE_IN_FRAMEWORK_HEADER = YES;
				CLANG_WARN_RANGE_LOOP_ANALYSIS = YES;
				CLANG_WARN_STRICT_PROTOTYPES = YES;
				CLANG_WARN_SUSPICIOUS_MOVE = YES;
				CLANG_WARN_UNGUARDED_AVAILABILITY = YES_AGGRESSIVE;
				CLANG_WARN_UNREACHABLE_CODE = YES;
				CLANG_WARN__DUPLICATE_METHOD_MATCH = YES;
				COPY_PHASE_STRIP = NO;
				DEBUG_INFORMATION_FORMAT = "dwarf-with-dsym";
				ENABLE_NS_ASSERTIONS = NO;
				ENABLE_STRICT_OBJC_MSGSEND = YES;
				GCC_C_LANGUAGE_STANDARD = gnu11;
				GCC_NO_COMMON_BLOCKS = YES;
				GCC_WARN_64_TO_32_BIT_CONVERSION = YES;
				GCC_WARN_ABOUT_RETURN_TYPE = YES_ERROR;
				GCC_WARN_UNDECLARED_SELECTOR = YES;
				GCC_WARN_UNINITIALIZED_AUTOS = YES_AGGRESSIVE;
				GCC_WARN_UNUSED_FUNCTION = YES;
				GCC_WARN_UNUSED_VARIABLE = YES;
				IPHONEOS_DEPLOYMENT_TARGET = 16.4;
				MTL_ENABLE_DEBUG_INFO = NO;
				MTL_FAST_MATH = YES;
				SDKROOT = iphoneos;
				SWIFT_COMPILATION_MODE = wholemodule;
				SWIFT_OPTIMIZATION_LEVEL = "-O";
				VALIDATE_PRODUCT = YES;
			};
			name = Release;
		};
		30890CB22D7EF25E006356A0 /* Debug */ = {
			isa = XCBuildConfiguration;
			buildSettings = {
				ASSETCATALOG_COMPILER_APPICON_NAME = AppIcon;
				ASSETCATALOG_COMPILER_GLOBAL_ACCENT_COLOR_NAME = AccentColor;
				CODE_SIGN_STYLE = Automatic;
				CURRENT_PROJECT_VERSION = 1;
				DEVELOPMENT_ASSET_PATHS = "\"example/Preview Content\"";
				DEVELOPMENT_TEAM = 435D8488XL;
				ENABLE_PREVIEWS = YES;
				GENERATE_INFOPLIST_FILE = YES;
				INFOPLIST_KEY_UIApplicationSceneManifest_Generation = YES;
				INFOPLIST_KEY_UIApplicationSupportsIndirectInputEvents = YES;
				INFOPLIST_KEY_UILaunchScreen_Generation = YES;
				INFOPLIST_KEY_UISupportedInterfaceOrientations_iPad = "UIInterfaceOrientationPortrait UIInterfaceOrientationPortraitUpsideDown UIInterfaceOrientationLandscapeLeft UIInterfaceOrientationLandscapeRight";
				INFOPLIST_KEY_UISupportedInterfaceOrientations_iPhone = "UIInterfaceOrientationPortrait UIInterfaceOrientationLandscapeLeft UIInterfaceOrientationLandscapeRight";
				LD_RUNPATH_SEARCH_PATHS = (
					"$(inherited)",
					"@executable_path/Frameworks",
				);
				MARKETING_VERSION = 1.0;
				PRODUCT_BUNDLE_IDENTIFIER = com.yadkin.example;
				PRODUCT_NAME = "$(TARGET_NAME)";
				SWIFT_EMIT_LOC_STRINGS = YES;
				SWIFT_VERSION = 5.0;
				TARGETED_DEVICE_FAMILY = "1,2";
			};
			name = Debug;
		};
		30890CB32D7EF25E006356A0 /* Release */ = {
			isa = XCBuildConfiguration;
			buildSettings = {
				ASSETCATALOG_COMPILER_APPICON_NAME = AppIcon;
				ASSETCATALOG_COMPILER_GLOBAL_ACCENT_COLOR_NAME = AccentColor;
				CODE_SIGN_STYLE = Automatic;
				CURRENT_PROJECT_VERSION = 1;
				DEVELOPMENT_ASSET_PATHS = "\"example/Preview Content\"";
				DEVELOPMENT_TEAM = 435D8488XL;
				ENABLE_PREVIEWS = YES;
				GENERATE_INFOPLIST_FILE = YES;
				INFOPLIST_KEY_UIApplicationSceneManifest_Generation = YES;
				INFOPLIST_KEY_UIApplicationSupportsIndirectInputEvents = YES;
				INFOPLIST_KEY_UILaunchScreen_Generation = YES;
				INFOPLIST_KEY_UISupportedInterfaceOrientations_iPad = "UIInterfaceOrientationPortrait UIInterfaceOrientationPortraitUpsideDown UIInterfaceOrientationLandscapeLeft UIInterfaceOrientationLandscapeRight";
				INFOPLIST_KEY_UISupportedInterfaceOrientations_iPhone = "UIInterfaceOrientationPortrait UIInterfaceOrientationLandscapeLeft UIInterfaceOrientationLandscapeRight";
				LD_RUNPATH_SEARCH_PATHS = (
					"$(inherited)",
					"@executable_path/Frameworks",
				);
				MARKETING_VERSION = 1.0;
				PRODUCT_BUNDLE_IDENTIFIER = com.yadkin.example;
				PRODUCT_NAME = "$(TARGET_NAME)";
				SWIFT_EMIT_LOC_STRINGS = YES;
				SWIFT_VERSION = 5.0;
				TARGETED_DEVICE_FAMILY = "1,2";
			};
			name = Release;
		};
		30890CB52D7EF25E006356A0 /* Debug */ = {
			isa = XCBuildConfiguration;
			buildSettings = {
				ALWAYS_EMBED_SWIFT_STANDARD_LIBRARIES = YES;
				BUNDLE_LOADER = "$(TEST_HOST)";
				CODE_SIGN_STYLE = Automatic;
				CURRENT_PROJECT_VERSION = 1;
				DEVELOPMENT_TEAM = 435D8488XL;
				GENERATE_INFOPLIST_FILE = YES;
				IPHONEOS_DEPLOYMENT_TARGET = 16.4;
				MARKETING_VERSION = 1.0;
				PRODUCT_BUNDLE_IDENTIFIER = com.yadkin.exampleTests;
				PRODUCT_NAME = "$(TARGET_NAME)";
				SWIFT_EMIT_LOC_STRINGS = NO;
				SWIFT_VERSION = 5.0;
				TARGETED_DEVICE_FAMILY = "1,2";
				TEST_HOST = "$(BUILT_PRODUCTS_DIR)/example.app/$(BUNDLE_EXECUTABLE_FOLDER_PATH)/example";
			};
			name = Debug;
		};
		30890CB62D7EF25E006356A0 /* Release */ = {
			isa = XCBuildConfiguration;
			buildSettings = {
				ALWAYS_EMBED_SWIFT_STANDARD_LIBRARIES = YES;
				BUNDLE_LOADER = "$(TEST_HOST)";
				CODE_SIGN_STYLE = Automatic;
				CURRENT_PROJECT_VERSION = 1;
				DEVELOPMENT_TEAM = 435D8488XL;
				GENERATE_INFOPLIST_FILE = YES;
				IPHONEOS_DEPLOYMENT_TARGET = 16.4;
				MARKETING_VERSION = 1.0;
				PRODUCT_BUNDLE_IDENTIFIER = com.yadkin.exampleTests;
				PRODUCT_NAME = "$(TARGET_NAME)";
				SWIFT_EMIT_LOC_STRINGS = NO;
				SWIFT_VERSION = 5.0;
				TARGETED_DEVICE_FAMILY = "1,2";
				TEST_HOST = "$(BUILT_PRODUCTS_DIR)/example.app/$(BUNDLE_EXECUTABLE_FOLDER_PATH)/example";
			};
			name = Release;
		};
		30890CB82D7EF25E006356A0 /* Debug */ = {
			isa = XCBuildConfiguration;
			buildSettings = {
				ALWAYS_EMBED_SWIFT_STANDARD_LIBRARIES = YES;
				CODE_SIGN_STYLE = Automatic;
				CURRENT_PROJECT_VERSION = 1;
				DEVELOPMENT_TEAM = 435D8488XL;
				GENERATE_INFOPLIST_FILE = YES;
				MARKETING_VERSION = 1.0;
				PRODUCT_BUNDLE_IDENTIFIER = com.yadkin.exampleUITests;
				PRODUCT_NAME = "$(TARGET_NAME)";
				SWIFT_EMIT_LOC_STRINGS = NO;
				SWIFT_VERSION = 5.0;
				TARGETED_DEVICE_FAMILY = "1,2";
				TEST_TARGET_NAME = example;
			};
			name = Debug;
		};
		30890CB92D7EF25E006356A0 /* Release */ = {
			isa = XCBuildConfiguration;
			buildSettings = {
				ALWAYS_EMBED_SWIFT_STANDARD_LIBRARIES = YES;
				CODE_SIGN_STYLE = Automatic;
				CURRENT_PROJECT_VERSION = 1;
				DEVELOPMENT_TEAM = 435D8488XL;
				GENERATE_INFOPLIST_FILE = YES;
				MARKETING_VERSION = 1.0;
				PRODUCT_BUNDLE_IDENTIFIER = com.yadkin.exampleUITests;
				PRODUCT_NAME = "$(TARGET_NAME)";
				SWIFT_EMIT_LOC_STRINGS = NO;
				SWIFT_VERSION = 5.0;
				TARGETED_DEVICE_FAMILY = "1,2";
				TEST_TARGET_NAME = example;
			};
			name = Release;
		};
/* End XCBuildConfiguration section */

/* Begin XCConfigurationList section */
		30890C832D7EF25B006356A0 /* Build configuration list for PBXProject "example" */ = {
			isa = XCConfigurationList;
			buildConfigurations = (
				30890CAF2D7EF25E006356A0 /* Debug */,
				30890CB02D7EF25E006356A0 /* Release */,
			);
			defaultConfigurationIsVisible = 0;
			defaultConfigurationName = Release;
		};
		30890CB12D7EF25E006356A0 /* Build configuration list for PBXNativeTarget "example" */ = {
			isa = XCConfigurationList;
			buildConfigurations = (
				30890CB22D7EF25E006356A0 /* Debug */,
				30890CB32D7EF25E006356A0 /* Release */,
			);
			defaultConfigurationIsVisible = 0;
			defaultConfigurationName = Release;
		};
		30890CB42D7EF25E006356A0 /* Build configuration list for PBXNativeTarget "exampleTests" */ = {
			isa = XCConfigurationList;
			buildConfigurations = (
				30890CB52D7EF25E006356A0 /* Debug */,
				30890CB62D7EF25E006356A0 /* Release */,
			);
			defaultConfigurationIsVisible = 0;
			defaultConfigurationName = Release;
		};
		30890CB72D7EF25E006356A0 /* Build configuration list for PBXNativeTarget "exampleUITests" */ = {
			isa = XCConfigurationList;
			buildConfigurations = (
				30890CB82D7EF25E006356A0 /* Debug */,
				30890CB92D7EF25E006356A0 /* Release */,
			);
			defaultConfigurationIsVisible = 0;
			defaultConfigurationName = Release;
		};
/* End XCConfigurationList section */

/* Begin XCVersionGroup section */
		30890C962D7EF25D006356A0 /* example.xcdatamodeld */ = {
			isa = XCVersionGroup;
			children = (
				30890C972D7EF25D006356A0 /* example.xcdatamodel */,
			);
			currentVersion = 30890C972D7EF25D006356A0 /* example.xcdatamodel */;
			path = example.xcdatamodeld;
			sourceTree = "<group>";
			versionGroupType = wrapper.xcdatamodel;
		};
/* End XCVersionGroup section */
	};
	rootObject = 30890C802D7EF25B006356A0 /* Project object */;
}
